
Microsoft Visual Studio Solution File, Format Version 12.00
# Visual Studio Version 17
VisualStudioVersion = 17.13.35919.96 d17.13
MinimumVisualStudioVersion = 10.0.40219.1
Project("{FAE04EC0-301F-11D3-BF4B-00C04F79EFBC}") = "SfExpander_Sample", "SfExpander_Sample.csproj", "{19E229E2-782B-41AF-8978-970944BF00C6}"
EndProject
Global
	GlobalSection(SolutionConfigurationPlatforms) = preSolution
		Debug|Any CPU = Debug|Any CPU
		Release|Any CPU = Release|Any CPU
	EndGlobalSection
	GlobalSection(ProjectConfigurationPlatforms) = postSolution
		{19E229E2-782B-41AF-8978-970944BF00C6}.Debug|Any CPU.ActiveCfg = Debug|Any CPU
		{19E229E2-782B-41AF-8978-970944BF00C6}.Debug|Any CPU.Build.0 = Debug|Any CPU
		{19E229E2-782B-41AF-8978-970944BF00C6}.Release|Any CPU.ActiveCfg = Release|Any CPU
		{19E229E2-782B-41AF-8978-970944BF00C6}.Release|Any CPU.Build.0 = Release|Any CPU
	EndGlobalSection
	GlobalSection(SolutionProperties) = preSolution
		HideSolutionNode = FALSE
	EndGlobalSection
	GlobalSection(ExtensibilityGlobals) = postSolution
		SolutionGuid = {E9F6F388-F7D0-4176-9704-5297A76E4F33}
	EndGlobalSection
EndGlobal
